// !$*UTF8*$!
{
	archiveVersion = 1;
	classes = {
	};
	objectVersion = 50;
	objects = {

/* Begin PBXBuildFile section */
		FD037C0C2216B8AC0062D059 /* AppDelegate.swift in Sources */ = {isa = PBXBuildFile; fileRef = FD037C0B2216B8AC0062D059 /* AppDelegate.swift */; };
		FD037C0E2216B8AD0062D059 /* GameScene.sks in Resources */ = {isa = PBXBuildFile; fileRef = FD037C0D2216B8AD0062D059 /* GameScene.sks */; };
		FD037C102216B8AD0062D059 /* Actions.sks in Resources */ = {isa = PBXBuildFile; fileRef = FD037C0F2216B8AD0062D059 /* Actions.sks */; };
		FD037C122216B8AD0062D059 /* GameScene.swift in Sources */ = {isa = PBXBuildFile; fileRef = FD037C112216B8AD0062D059 /* GameScene.swift */; };
		FD037C142216B8AD0062D059 /* GameViewController.swift in Sources */ = {isa = PBXBuildFile; fileRef = FD037C132216B8AD0062D059 /* GameViewController.swift */; };
		FD037C172216B8AD0062D059 /* Main.storyboard in Resources */ = {isa = PBXBuildFile; fileRef = FD037C152216B8AD0062D059 /* Main.storyboard */; };
		FD037C192216B8B80062D059 /* Assets.xcassets in Resources */ = {isa = PBXBuildFile; fileRef = FD037C182216B8B80062D059 /* Assets.xcassets */; };
		FD037C1C2216B8B80062D059 /* LaunchScreen.storyboard in Resources */ = {isa = PBXBuildFile; fileRef = FD037C1A2216B8B80062D059 /* LaunchScreen.storyboard */; };
/* End PBXBuildFile section */

/* Begin PBXFileReference section */
		FD037C082216B8AC0062D059 /* ProtectRabbit.app */ = {isa = PBXFileReference; explicitFileType = wrapper.application; includeInIndex = 0; path = ProtectRabbit.app; sourceTree = BUILT_PRODUCTS_DIR; };
		FD037C0B2216B8AC0062D059 /* AppDelegate.swift */ = {isa = PBXFileReference; lastKnownFileType = sourcecode.swift; path = AppDelegate.swift; sourceTree = "<group>"; };
		FD037C0D2216B8AD0062D059 /* GameScene.sks */ = {isa = PBXFileReference; lastKnownFileType = file.sks; path = GameScene.sks; sourceTree = "<group>"; };
		FD037C0F2216B8AD0062D059 /* Actions.sks */ = {isa = PBXFileReference; lastKnownFileType = file.sks; path = Actions.sks; sourceTree = "<group>"; };
		FD037C112216B8AD0062D059 /* GameScene.swift */ = {isa = PBXFileReference; lastKnownFileType = sourcecode.swift; path = GameScene.swift; sourceTree = "<group>"; };
		FD037C132216B8AD0062D059 /* GameViewController.swift */ = {isa = PBXFileReference; lastKnownFileType = sourcecode.swift; path = GameViewController.swift; sourceTree = "<group>"; };
		FD037C162216B8AD0062D059 /* Base */ = {isa = PBXFileReference; lastKnownFileType = file.storyboard; name = Base; path = Base.lproj/Main.storyboard; sourceTree = "<group>"; };
		FD037C182216B8B80062D059 /* Assets.xcassets */ = {isa = PBXFileReference; lastKnownFileType = folder.assetcatalog; path = Assets.xcassets; sourceTree = "<group>"; };
		FD037C1B2216B8B80062D059 /* Base */ = {isa = PBXFileReference; lastKnownFileType = file.storyboard; name = Base; path = Base.lproj/LaunchScreen.storyboard; sourceTree = "<group>"; };
		FD037C1D2216B8B80062D059 /* Info.plist */ = {isa = PBXFileReference; lastKnownFileType = text.plist.xml; path = Info.plist; sourceTree = "<group>"; };
/* End PBXFileReference section */

/* Begin PBXFrameworksBuildPhase section */
		FD037C052216B8AC0062D059 /* Frameworks */ = {
			isa = PBXFrameworksBuildPhase;
			buildActionMask = 2147483647;
			files = (
			);
			runOnlyForDeploymentPostprocessing = 0;
		};
/* End PBXFrameworksBuildPhase section */

/* Begin PBXGroup section */
		FD037BFF2216B8AC0062D059 = {
			isa = PBXGroup;
			children = (
				FD037C0A2216B8AC0062D059 /* ProtectRabbit */,
				FD037C092216B8AC0062D059 /* Products */,
			);
			sourceTree = "<group>";
		};
		FD037C092216B8AC0062D059 /* Products */ = {
			isa = PBXGroup;
			children = (
				FD037C082216B8AC0062D059 /* ProtectRabbit.app */,
			);
			name = Products;
			sourceTree = "<group>";
		};
		FD037C0A2216B8AC0062D059 /* ProtectRabbit */ = {
			isa = PBXGroup;
			children = (
				FD037C0B2216B8AC0062D059 /* AppDelegate.swift */,
				FD037C0D2216B8AD0062D059 /* GameScene.sks */,
				FD037C0F2216B8AD0062D059 /* Actions.sks */,
				FD037C112216B8AD0062D059 /* GameScene.swift */,
				FD037C132216B8AD0062D059 /* GameViewController.swift */,
				FD037C152216B8AD0062D059 /* Main.storyboard */,
				FD037C182216B8B80062D059 /* Assets.xcassets */,
				FD037C1A2216B8B80062D059 /* LaunchScreen.storyboard */,
				FD037C1D2216B8B80062D059 /* Info.plist */,
			);
			path = ProtectRabbit;
			sourceTree = "<group>";
		};
/* End PBXGroup section */

/* Begin PBXNativeTarget section */
		FD037C072216B8AC0062D059 /* ProtectRabbit */ = {
			isa = PBXNativeTarget;
			buildConfigurationList = FD037C202216B8B80062D059 /* Build configuration list for PBXNativeTarget "ProtectRabbit" */;
			buildPhases = (
				FD037C042216B8AC0062D059 /* Sources */,
				FD037C052216B8AC0062D059 /* Frameworks */,
				FD037C062216B8AC0062D059 /* Resources */,
			);
			buildRules = (
			);
			dependencies = (
			);
			name = ProtectRabbit;
			productName = ProtectRabbit;
			productReference = FD037C082216B8AC0062D059 /* ProtectRabbit.app */;
			productType = "com.apple.product-type.application";
		};
/* End PBXNativeTarget section */

/* Begin PBXProject section */
		FD037C002216B8AC0062D059 /* Project object */ = {
			isa = PBXProject;
			attributes = {
				LastSwiftUpdateCheck = 1010;
				LastUpgradeCheck = 1010;
				ORGANIZATIONNAME = goviewtech;
				TargetAttributes = {
					FD037C072216B8AC0062D059 = {
						CreatedOnToolsVersion = 10.1;
					};
				};
			};
			buildConfigurationList = FD037C032216B8AC0062D059 /* Build configuration list for PBXProject "ProtectRabbit" */;
			compatibilityVersion = "Xcode 9.3";
			developmentRegion = en;
			hasScannedForEncodings = 0;
			knownRegions = (
				en,
				Base,
			);
			mainGroup = FD037BFF2216B8AC0062D059;
			productRefGroup = FD037C092216B8AC0062D059 /* Products */;
			projectDirPath = "";
			projectRoot = "";
			targets = (
				FD037C072216B8AC0062D059 /* ProtectRabbit */,
			);
		};
/* End PBXProject section */

/* Begin PBXResourcesBuildPhase section */
		FD037C062216B8AC0062D059 /* Resources */ = {
			isa = PBXResourcesBuildPhase;
			buildActionMask = 2147483647;
			files = (
				FD037C172216B8AD0062D059 /* Main.storyboard in Resources */,
				FD037C0E2216B8AD0062D059 /* GameScene.sks in Resources */,
				FD037C192216B8B80062D059 /* Assets.xcassets in Resources */,
				FD037C1C2216B8B80062D059 /* LaunchScreen.storyboard in Resources */,
				FD037C102216B8AD0062D059 /* Actions.sks in Resources */,
			);
			runOnlyForDeploymentPostprocessing = 0;
		};
/* End PBXResourcesBuildPhase section */

/* Begin PBXSourcesBuildPhase section */
		FD037C042216B8AC0062D059 /* Sources */ = {
			isa = PBXSourcesBuildPhase;
			buildActionMask = 2147483647;
			files = (
				FD037C122216B8AD0062D059 /* GameScene.swift in Sources */,
				FD037C142216B8AD0062D059 /* GameViewController.swift in Sources */,
				FD037C0C2216B8AC0062D059 /* AppDelegate.swift in Sources */,
			);
			runOnlyForDeploymentPostprocessing = 0;
		};
/* End PBXSourcesBuildPhase section */

/* Begin PBXVariantGroup section */
		FD037C152216B8AD0062D059 /* Main.storyboard */ = {
			isa = PBXVariantGroup;
			children = (
				FD037C162216B8AD0062D059 /* Base */,
			);
			name = Main.storyboard;
			sourceTree = "<group>";
		};
		FD037C1A2216B8B80062D059 /* LaunchScreen.storyboard */ = {
			isa = PBXVariantGroup;
			children = (
				FD037C1B2216B8B80062D059 /* Base */,
			);
			name = LaunchScreen.storyboard;
			sourceTree = "<group>";
		};
/* End PBXVariantGroup section */

/* Begin XCBuildConfiguration section */
		FD037C1E2216B8B80062D059 /* Debug */ = {
			isa = XCBuildConfiguration;
			buildSettings = {
				ALWAYS_SEARCH_USER_PATHS = NO;
				CLANG_ANALYZER_NONNULL = YES;
				CLANG_ANALYZER_NUMBER_OBJECT_CONVERSION = YES_AGGRESSIVE;
				CLANG_CXX_LANGUAGE_STANDARD = "gnu++14";
				CLANG_CXX_LIBRARY = "libc++";
				CLANG_ENABLE_MODULES = YES;
				CLANG_ENABLE_OBJC_ARC = YES;
				CLANG_ENABLE_OBJC_WEAK = YES;
				CLANG_WARN_BLOCK_CAPTURE_AUTORELEASING = YES;
				CLANG_WARN_BOOL_CONVERSION = YES;
				CLANG_WARN_COMMA = YES;
				CLANG_WARN_CONSTANT_CONVERSION = YES;
				CLANG_WARN_DEPRECATED_OBJC_IMPLEMENTATIONS = YES;
				CLANG_WARN_DIRECT_OBJC_ISA_USAGE = YES_ERROR;
				CLANG_WARN_DOCUMENTATION_COMMENTS = YES;
				CLANG_WARN_EMPTY_BODY = YES;
				CLANG_WARN_ENUM_CONVERSION = YES;
				CLANG_WARN_INFINITE_RECURSION = YES;
				CLANG_WARN_INT_CONVERSION = YES;
				CLANG_WARN_NON_LITERAL_NULL_CONVERSION = YES;
				CLANG_WARN_OBJC_IMPLICIT_RETAIN_SELF = YES;
				CLANG_WARN_OBJC_LITERAL_CONVERSION = YES;
				CLANG_WARN_OBJC_ROOT_CLASS = YES_ERROR;
				CLANG_WARN_RANGE_LOOP_ANALYSIS = YES;
				CLANG_WARN_STRICT_PROTOTYPES = YES;
				CLANG_WARN_SUSPICIOUS_MOVE = YES;
				CLANG_WARN_UNGUARDED_AVAILABILITY = YES_AGGRESSIVE;
				CLANG_WARN_UNREACHABLE_CODE = YES;
				CLANG_WARN__DUPLICATE_METHOD_MATCH = YES;
				CODE_SIGN_IDENTITY = "iPhone Developer";
				COPY_PHASE_STRIP = NO;
				DEBUG_INFORMATION_FORMAT = dwarf;
				ENABLE_STRICT_OBJC_MSGSEND = YES;
				ENABLE_TESTABILITY = YES;
				GCC_C_LANGUAGE_STANDARD = gnu11;
				GCC_DYNAMIC_NO_PIC = NO;
				GCC_NO_COMMON_BLOCKS = YES;
				GCC_OPTIMIZATION_LEVEL = 0;
				GCC_PREPROCESSOR_DEFINITIONS = (
					"DEBUG=1",
					"$(inherited)",
				);
				GCC_WARN_64_TO_32_BIT_CONVERSION = YES;
				GCC_WARN_ABOUT_RETURN_TYPE = YES_ERROR;
				GCC_WARN_UNDECLARED_SELECTOR = YES;
				GCC_WARN_UNINITIALIZED_AUTOS = YES_AGGRESSIVE;
				GCC_WARN_UNUSED_FUNCTION = YES;
				GCC_WARN_UNUSED_VARIABLE = YES;
				IPHONEOS_DEPLOYMENT_TARGET = 12.1;
				MTL_ENABLE_DEBUG_INFO = INCLUDE_SOURCE;
				MTL_FAST_MATH = YES;
				ONLY_ACTIVE_ARCH = YES;
				SDKROOT = iphoneos;
				SWIFT_ACTIVE_COMPILATION_CONDITIONS = DEBUG;
				SWIFT_OPTIMIZATION_LEVEL = "-Onone";
			};
			name = Debug;
		};
		FD037C1F2216B8B80062D059 /* Release */ = {
			isa = XCBuildConfiguration;
			buildSettings = {
				ALWAYS_SEARCH_USER_PATHS = NO;
				CLANG_ANALYZER_NONNULL = YES;
				CLANG_ANALYZER_NUMBER_OBJECT_CONVERSION = YES_AGGRESSIVE;
				CLANG_CXX_LANGUAGE_STANDARD = "gnu++14";
				CLANG_CXX_LIBRARY = "libc++";
				CLANG_ENABLE_MODULES = YES;
				CLANG_ENABLE_OBJC_ARC = YES;
				CLANG_ENABLE_OBJC_WEAK = YES;
				CLANG_WARN_BLOCK_CAPTURE_AUTORELEASING = YES;
				CLANG_WARN_BOOL_CONVERSION = YES;
				CLANG_WARN_COMMA = YES;
				CLANG_WARN_CONSTANT_CONVERSION = YES;
				CLANG_WARN_DEPRECATED_OBJC_IMPLEMENTATIONS = YES;
				CLANG_WARN_DIRECT_OBJC_ISA_USAGE = YES_ERROR;
				CLANG_WARN_DOCUMENTATION_COMMENTS = YES;
				CLANG_WARN_EMPTY_BODY = YES;
				CLANG_WARN_ENUM_CONVERSION = YES;
				CLANG_WARN_INFINITE_RECURSION = YES;
				CLANG_WARN_INT_CONVERSION = YES;
				CLANG_WARN_NON_LITERAL_NULL_CONVERSION = YES;
				CLANG_WARN_OBJC_IMPLICIT_RETAIN_SELF = YES;
				CLANG_WARN_OBJC_LITERAL_CONVERSION = YES;
				CLANG_WARN_OBJC_ROOT_CLASS = YES_ERROR;
				CLANG_WARN_RANGE_LOOP_ANALYSIS = YES;
				CLANG_WARN_STRICT_PROTOTYPES = YES;
				CLANG_WARN_SUSPICIOUS_MOVE = YES;
				CLANG_WARN_UNGUARDED_AVAILABILITY = YES_AGGRESSIVE;
				CLANG_WARN_UNREACHABLE_CODE = YES;
				CLANG_WARN__DUPLICATE_METHOD_MATCH = YES;
				CODE_SIGN_IDENTITY = "iPhone Developer";
				COPY_PHASE_STRIP = NO;
				DEBUG_INFORMATION_FORMAT = "dwarf-with-dsym";
				ENABLE_NS_ASSERTIONS = NO;
				ENABLE_STRICT_OBJC_MSGSEND = YES;
				GCC_C_LANGUAGE_STANDARD = gnu11;
				GCC_NO_COMMON_BLOCKS = YES;
				GCC_WARN_64_TO_32_BIT_CONVERSION = YES;
				GCC_WARN_ABOUT_RETURN_TYPE = YES_ERROR;
				GCC_WARN_UNDECLARED_SELECTOR = YES;
				GCC_WARN_UNINITIALIZED_AUTOS = YES_AGGRESSIVE;
				GCC_WARN_UNUSED_FUNCTION = YES;
				GCC_WARN_UNUSED_VARIABLE = YES;
				IPHONEOS_DEPLOYMENT_TARGET = 12.1;
				MTL_ENABLE_DEBUG_INFO = NO;
				MTL_FAST_MATH = YES;
				SDKROOT = iphoneos;
				SWIFT_COMPILATION_MODE = wholemodule;
				SWIFT_OPTIMIZATION_LEVEL = "-O";
				VALIDATE_PRODUCT = YES;
			};
			name = Release;
		};
		FD037C212216B8B80062D059 /* Debug */ = {
			isa = XCBuildConfiguration;
			buildSettings = {
				ASSETCATALOG_COMPILER_APPICON_NAME = AppIcon;
				CODE_SIGN_STYLE = Automatic;
				DEVELOPMENT_TEAM = 965VX6GTWH;
				INFOPLIST_FILE = ProtectRabbit/Info.plist;
				LD_RUNPATH_SEARCH_PATHS = (
					"$(inherited)",
					"@executable_path/Frameworks",
				);
				PRODUCT_BUNDLE_IDENTIFIER = goviewtech.ProtectRabbit;
				PRODUCT_NAME = "$(TARGET_NAME)";
				SWIFT_VERSION = 4.2;
				TARGETED_DEVICE_FAMILY = "1,2";
			};
			name = Debug;
		};
		FD037C222216B8B80062D059 /* Release */ = {
			isa = XCBuildConfiguration;
			buildSettings = {
				ASSETCATALOG_COMPILER_APPICON_NAME = AppIcon;
				CODE_SIGN_STYLE = Automatic;
				DEVELOPMENT_TEAM = 965VX6GTWH;
				INFOPLIST_FILE = ProtectRabbit/Info.plist;
				LD_RUNPATH_SEARCH_PATHS = (
					"$(inherited)",
					"@executable_path/Frameworks",
				);
				PRODUCT_BUNDLE_IDENTIFIER = goviewtech.ProtectRabbit;
				PRODUCT_NAME = "$(TARGET_NAME)";
				SWIFT_VERSION = 4.2;
				TARGETED_DEVICE_FAMILY = "1,2";
			};
			name = Release;
		};
/* End XCBuildConfiguration section */

/* Begin XCConfigurationList section */
		FD037C032216B8AC0062D059 /* Build configuration list for PBXProject "ProtectRabbit" */ = {
			isa = XCConfigurationList;
			buildConfigurations = (
				FD037C1E2216B8B80062D059 /* Debug */,
				FD037C1F2216B8B80062D059 /* Release */,
			);
			defaultConfigurationIsVisible = 0;
			defaultConfigurationName = Release;
		};
		FD037C202216B8B80062D059 /* Build configuration list for PBXNativeTarget "ProtectRabbit" */ = {
			isa = XCConfigurationList;
			buildConfigurations = (
				FD037C212216B8B80062D059 /* Debug */,
				FD037C222216B8B80062D059 /* Release */,
			);
			defaultConfigurationIsVisible = 0;
			defaultConfigurationName = Release;
		};
/* End XCConfigurationList section */
	};
	rootObject = FD037C002216B8AC0062D059 /* Project object */;
}
